
Microsoft Visual Studio Solution File, Format Version 12.00
# Visual Studio Version 17
VisualStudioVersion = 17.3.32708.82
MinimumVisualStudioVersion = 10.0.40219.1
Project("{FAE04EC0-301F-11D3-BF4B-00C04F79EFBC}") = "EFSamurai", "EFSamurai\EFSamurai.csproj", "{1E97AB15-D925-4ABE-BF9C-249CB1BC4702}"
EndProject
Project("{FAE04EC0-301F-11D3-BF4B-00C04F79EFBC}") = "EFSamurai.Data", "EFSamurai.Data\EFSamurai.Data.csproj", "{BB229B7B-CA16-4E15-942B-70FBC3BF318C}"
EndProject
Project("{FAE04EC0-301F-11D3-BF4B-00C04F79EFBC}") = "EFSamurai.Domain", "EFSamurai.Domain\EFSamurai.Domain.csproj", "{FC28CE57-79AF-4E20-AE53-923A21AAEEE3}"
EndProject
Global
	GlobalSection(SolutionConfigurationPlatforms) = preSolution
		Debug|Any CPU = Debug|Any CPU
		Release|Any CPU = Release|Any CPU
	EndGlobalSection
	GlobalSection(ProjectConfigurationPlatforms) = postSolution
		{1E97AB15-D925-4ABE-BF9C-249CB1BC4702}.Debug|Any CPU.ActiveCfg = Debug|Any CPU
		{1E97AB15-D925-4ABE-BF9C-249CB1BC4702}.Debug|Any CPU.Build.0 = Debug|Any CPU
		{1E97AB15-D925-4ABE-BF9C-249CB1BC4702}.Release|Any CPU.ActiveCfg = Release|Any CPU
		{1E97AB15-D925-4ABE-BF9C-249CB1BC4702}.Release|Any CPU.Build.0 = Release|Any CPU
		{BB229B7B-CA16-4E15-942B-70FBC3BF318C}.Debug|Any CPU.ActiveCfg = Debug|Any CPU
		{BB229B7B-CA16-4E15-942B-70FBC3BF318C}.Debug|Any CPU.Build.0 = Debug|Any CPU
		{BB229B7B-CA16-4E15-942B-70FBC3BF318C}.Release|Any CPU.ActiveCfg = Release|Any CPU
		{BB229B7B-CA16-4E15-942B-70FBC3BF318C}.Release|Any CPU.Build.0 = Release|Any CPU
		{FC28CE57-79AF-4E20-AE53-923A21AAEEE3}.Debug|Any CPU.ActiveCfg = Debug|Any CPU
		{FC28CE57-79AF-4E20-AE53-923A21AAEEE3}.Debug|Any CPU.Build.0 = Debug|Any CPU
		{FC28CE57-79AF-4E20-AE53-923A21AAEEE3}.Release|Any CPU.ActiveCfg = Release|Any CPU
		{FC28CE57-79AF-4E20-AE53-923A21AAEEE3}.Release|Any CPU.Build.0 = Release|Any CPU
	EndGlobalSection
	GlobalSection(SolutionProperties) = preSolution
		HideSolutionNode = FALSE
	EndGlobalSection
	GlobalSection(ExtensibilityGlobals) = postSolution
		SolutionGuid = {D6E4AFB0-DF84-41F7-AF9F-2F3E9BB6DF6E}
	EndGlobalSection
EndGlobal
